
Microsoft Visual Studio Solution File, Format Version 12.00
# Visual Studio Version 17
VisualStudioVersion = 17.0.31903.59
MinimumVisualStudioVersion = 10.0.40219.1
Project("{FAE04EC0-301F-11D3-BF4B-00C04F79EFBC}") = "myLibrary", "myLibrary\myLibrary.csproj", "{1270D7A0-56D2-44AB-B6C4-9F572EFFAA26}"
EndProject
Project("{FAE04EC0-301F-11D3-BF4B-00C04F79EFBC}") = "Program", "Program\Program.csproj", "{4603996A-FA5A-4DB5-B2D8-CB5EDBE76A0E}"
EndProject
Project("{FAE04EC0-301F-11D3-BF4B-00C04F79EFBC}") = "ProgrammTest", "ProgrammTest\ProgrammTest.csproj", "{34701A28-5C74-49B5-AC94-58BED678D8AC}"
EndProject
Global
	GlobalSection(SolutionConfigurationPlatforms) = preSolution
		Debug|Any CPU = Debug|Any CPU
		Release|Any CPU = Release|Any CPU
	EndGlobalSection
	GlobalSection(SolutionProperties) = preSolution
		HideSolutionNode = FALSE
	EndGlobalSection
	GlobalSection(ProjectConfigurationPlatforms) = postSolution
		{1270D7A0-56D2-44AB-B6C4-9F572EFFAA26}.Debug|Any CPU.ActiveCfg = Debug|Any CPU
		{1270D7A0-56D2-44AB-B6C4-9F572EFFAA26}.Debug|Any CPU.Build.0 = Debug|Any CPU
		{1270D7A0-56D2-44AB-B6C4-9F572EFFAA26}.Release|Any CPU.ActiveCfg = Release|Any CPU
		{1270D7A0-56D2-44AB-B6C4-9F572EFFAA26}.Release|Any CPU.Build.0 = Release|Any CPU
		{4603996A-FA5A-4DB5-B2D8-CB5EDBE76A0E}.Debug|Any CPU.ActiveCfg = Debug|Any CPU
		{4603996A-FA5A-4DB5-B2D8-CB5EDBE76A0E}.Debug|Any CPU.Build.0 = Debug|Any CPU
		{4603996A-FA5A-4DB5-B2D8-CB5EDBE76A0E}.Release|Any CPU.ActiveCfg = Release|Any CPU
		{4603996A-FA5A-4DB5-B2D8-CB5EDBE76A0E}.Release|Any CPU.Build.0 = Release|Any CPU
		{34701A28-5C74-49B5-AC94-58BED678D8AC}.Debug|Any CPU.ActiveCfg = Debug|Any CPU
		{34701A28-5C74-49B5-AC94-58BED678D8AC}.Debug|Any CPU.Build.0 = Debug|Any CPU
		{34701A28-5C74-49B5-AC94-58BED678D8AC}.Release|Any CPU.ActiveCfg = Release|Any CPU
		{34701A28-5C74-49B5-AC94-58BED678D8AC}.Release|Any CPU.Build.0 = Release|Any CPU
	EndGlobalSection
EndGlobal
